{
  "originHash" : "45b71986ed68ad59aa6b04cbcb4f3e728676f350c4d434f224301d5236a30fe4",
  "pins" : [
    {
      "identity" : "ignite",
      "kind" : "remoteSourceControl",
      "location" : "https://github.com/hogumachu/Ignite",
      "state" : {
        "branch" : "main",
        "revision" : "cedf709dacbb2dea472949535c59cf826ee85ffa"
      }
    },
    {
      "identity" : "swift-argument-parser",
      "kind" : "remoteSourceControl",
      "location" : "https://github.com/apple/swift-argument-parser.git",
      "state" : {
        "revision" : "41982a3656a71c768319979febd796c6fd111d5c",
        "version" : "1.5.0"
      }
    },
    {
      "identity" : "swift-cmark",
      "kind" : "remoteSourceControl",
      "location" : "https://github.com/apple/swift-cmark.git",
      "state" : {
        "revision" : "3ccff77b2dc5b96b77db3da0d68d28068593fa53",
        "version" : "0.5.0"
      }
    },
    {
      "identity" : "swift-markdown",
      "kind" : "remoteSourceControl",
      "location" : "https://github.com/swiftlang/swift-markdown.git",
      "state" : {
        "revision" : "8f79cb175981458a0a27e76cb42fee8e17b1a993",
        "version" : "0.5.0"
      }
    }
  ],
  "version" : 3
}
